
Microsoft Visual Studio Solution File, Format Version 12.00
# Visual Studio Version 17
VisualStudioVersion = 17.11.35303.130
MinimumVisualStudioVersion = 10.0.40219.1
Project("{8BC9CEB8-8B4A-11D0-8D11-00A0C91BC942}") = "ConsoleApplication4", "ConsoleApplication4\ConsoleApplication4.vcxproj", "{80B3CA18-7EB9-4816-850C-830BA71451DD}"
EndProject
Global
	GlobalSection(SolutionConfigurationPlatforms) = preSolution
		Debug|x64 = Debug|x64
		Debug|x86 = Debug|x86
		Release|x64 = Release|x64
		Release|x86 = Release|x86
	EndGlobalSection
	GlobalSection(ProjectConfigurationPlatforms) = postSolution
		{80B3CA18-7EB9-4816-850C-830BA71451DD}.Debug|x64.ActiveCfg = Debug|x64
		{80B3CA18-7EB9-4816-850C-830BA71451DD}.Debug|x64.Build.0 = Debug|x64
		{80B3CA18-7EB9-4816-850C-830BA71451DD}.Debug|x86.ActiveCfg = Debug|Win32
		{80B3CA18-7EB9-4816-850C-830BA71451DD}.Debug|x86.Build.0 = Debug|Win32
		{80B3CA18-7EB9-4816-850C-830BA71451DD}.Release|x64.ActiveCfg = Release|x64
		{80B3CA18-7EB9-4816-850C-830BA71451DD}.Release|x64.Build.0 = Release|x64
		{80B3CA18-7EB9-4816-850C-830BA71451DD}.Release|x86.ActiveCfg = Release|Win32
		{80B3CA18-7EB9-4816-850C-830BA71451DD}.Release|x86.Build.0 = Release|Win32
	EndGlobalSection
	GlobalSection(SolutionProperties) = preSolution
		HideSolutionNode = FALSE
	EndGlobalSection
	GlobalSection(ExtensibilityGlobals) = postSolution
		SolutionGuid = {A476BA39-94BC-4447-BB4C-1D086949AA06}
	EndGlobalSection
EndGlobal
